
Microsoft Visual Studio Solution File, Format Version 12.00
# Visual Studio Version 17
VisualStudioVersion = 17.2.32616.157
MinimumVisualStudioVersion = 10.0.40219.1
Project("{FAE04EC0-301F-11D3-BF4B-00C04F79EFBC}") = "Arrays and Lists Exercise", "Arrays and Lists Exercise\Arrays and Lists Exercise.csproj", "{C57F1E20-4F7D-4305-A270-AD2A161A9C59}"
EndProject
Global
	GlobalSection(SolutionConfigurationPlatforms) = preSolution
		Debug|Any CPU = Debug|Any CPU
		Release|Any CPU = Release|Any CPU
	EndGlobalSection
	GlobalSection(ProjectConfigurationPlatforms) = postSolution
		{C57F1E20-4F7D-4305-A270-AD2A161A9C59}.Debug|Any CPU.ActiveCfg = Debug|Any CPU
		{C57F1E20-4F7D-4305-A270-AD2A161A9C59}.Debug|Any CPU.Build.0 = Debug|Any CPU
		{C57F1E20-4F7D-4305-A270-AD2A161A9C59}.Release|Any CPU.ActiveCfg = Release|Any CPU
		{C57F1E20-4F7D-4305-A270-AD2A161A9C59}.Release|Any CPU.Build.0 = Release|Any CPU
	EndGlobalSection
	GlobalSection(SolutionProperties) = preSolution
		HideSolutionNode = FALSE
	EndGlobalSection
	GlobalSection(ExtensibilityGlobals) = postSolution
		SolutionGuid = {1847899E-FBA4-4D6F-9883-7FE960B3ABAF}
	EndGlobalSection
EndGlobal
